
Microsoft Visual Studio Solution File, Format Version 12.00
# Visual Studio Version 16
VisualStudioVersion = 16.0.29123.88
MinimumVisualStudioVersion = 10.0.40219.1
Project("{FAE04EC0-301F-11D3-BF4B-00C04F79EFBC}") = "lab9080519", "lab9080519.csproj", "{146B70F0-C222-4395-8134-A95DAEF8867E}"
EndProject
Global
	GlobalSection(SolutionConfigurationPlatforms) = preSolution
		Debug|Any CPU = Debug|Any CPU
		Release|Any CPU = Release|Any CPU
	EndGlobalSection
	GlobalSection(ProjectConfigurationPlatforms) = postSolution
		{146B70F0-C222-4395-8134-A95DAEF8867E}.Debug|Any CPU.ActiveCfg = Debug|Any CPU
		{146B70F0-C222-4395-8134-A95DAEF8867E}.Debug|Any CPU.Build.0 = Debug|Any CPU
		{146B70F0-C222-4395-8134-A95DAEF8867E}.Release|Any CPU.ActiveCfg = Release|Any CPU
		{146B70F0-C222-4395-8134-A95DAEF8867E}.Release|Any CPU.Build.0 = Release|Any CPU
	EndGlobalSection
	GlobalSection(SolutionProperties) = preSolution
		HideSolutionNode = FALSE
	EndGlobalSection
	GlobalSection(ExtensibilityGlobals) = postSolution
		SolutionGuid = {D8025C9F-427B-47ED-8B57-87D47F2D1F7F}
	EndGlobalSection
EndGlobal
